// !$*UTF8*$!
{
	archiveVersion = 1;
	classes = {
	};
	objectVersion = 48;
	objects = {

/* Begin PBXBuildFile section */
		2E2B89AE12CE8DF43B0DC2CD /* Pods_Restaurant_Demo.framework in Frameworks */ = {isa = PBXBuildFile; fileRef = 56FA223AC361E25967D09776 /* Pods_Restaurant_Demo.framework */; };
		ED0759C0206A8325008A02D7 /* GoogleMaps.framework in Frameworks */ = {isa = PBXBuildFile; fileRef = ED0759BF206A8325008A02D7 /* GoogleMaps.framework */; };
		ED0759C2206A8368008A02D7 /* GoogleMaps.bundle in Resources */ = {isa = PBXBuildFile; fileRef = ED0759C1206A8368008A02D7 /* GoogleMaps.bundle */; };
		ED332D5F1FC8759C00279333 /* AppDelegate.swift in Sources */ = {isa = PBXBuildFile; fileRef = ED332D5E1FC8759C00279333 /* AppDelegate.swift */; };
		ED332D641FC8759C00279333 /* Main.storyboard in Resources */ = {isa = PBXBuildFile; fileRef = ED332D621FC8759C00279333 /* Main.storyboard */; };
		ED332D661FC8759C00279333 /* Assets.xcassets in Resources */ = {isa = PBXBuildFile; fileRef = ED332D651FC8759C00279333 /* Assets.xcassets */; };
		ED332D691FC8759C00279333 /* LaunchScreen.storyboard in Resources */ = {isa = PBXBuildFile; fileRef = ED332D671FC8759C00279333 /* LaunchScreen.storyboard */; };
		ED332D791FCA2EBA00279333 /* YelpApiConfigs.swift in Sources */ = {isa = PBXBuildFile; fileRef = ED332D781FCA2EBA00279333 /* YelpApiConfigs.swift */; };
		ED332D7C1FCA487700279333 /* YelpSearchInfo.swift in Sources */ = {isa = PBXBuildFile; fileRef = ED332D7B1FCA487700279333 /* YelpSearchInfo.swift */; };
		ED332D7E1FCA4C4B00279333 /* YelpAuthenticationInfo.swift in Sources */ = {isa = PBXBuildFile; fileRef = ED332D7D1FCA4C4B00279333 /* YelpAuthenticationInfo.swift */; };
		ED332D801FCA52DE00279333 /* YelpRestaruantSummaryInfo.swift in Sources */ = {isa = PBXBuildFile; fileRef = ED332D7F1FCA52DE00279333 /* YelpRestaruantSummaryInfo.swift */; };
		ED332D821FCA52F100279333 /* YelpRestaurantLocation.swift in Sources */ = {isa = PBXBuildFile; fileRef = ED332D811FCA52F100279333 /* YelpRestaurantLocation.swift */; };
		ED332D841FCA530500279333 /* YelpRestaurantCoordinates.swift in Sources */ = {isa = PBXBuildFile; fileRef = ED332D831FCA530500279333 /* YelpRestaurantCoordinates.swift */; };
		ED3559CB1FCBACAE00935DFF /* RestaurantInfoTableViewCell.swift in Sources */ = {isa = PBXBuildFile; fileRef = ED3559CA1FCBACAE00935DFF /* RestaurantInfoTableViewCell.swift */; };
		ED3559CE1FCBBB9100935DFF /* YelpRestaurantCategory.swift in Sources */ = {isa = PBXBuildFile; fileRef = ED3559CD1FCBBB9100935DFF /* YelpRestaurantCategory.swift */; };
		ED3559D51FCC50A200935DFF /* EdgeInsetLabel.swift in Sources */ = {isa = PBXBuildFile; fileRef = ED3559D41FCC50A200935DFF /* EdgeInsetLabel.swift */; };
		ED3559D71FCC6A9300935DFF /* YelpRestaurantDetailInfo.swift in Sources */ = {isa = PBXBuildFile; fileRef = ED3559D61FCC6A9300935DFF /* YelpRestaurantDetailInfo.swift */; };
		ED3559D91FCF0D0200935DFF /* RatingEnum.swift in Sources */ = {isa = PBXBuildFile; fileRef = ED3559D81FCF0D0200935DFF /* RatingEnum.swift */; };
		ED3559DB1FCF0F9000935DFF /* YelpBaseInfo.swift in Sources */ = {isa = PBXBuildFile; fileRef = ED3559DA1FCF0F9000935DFF /* YelpBaseInfo.swift */; };
		ED3C2E2B2068106600AF3493 /* CommonConstants.swift in Sources */ = {isa = PBXBuildFile; fileRef = ED3C2E2A2068106600AF3493 /* CommonConstants.swift */; };
		ED45024E205C30DE001D4A38 /* RestaurantDetailContract.swift in Sources */ = {isa = PBXBuildFile; fileRef = ED45024D205C30DE001D4A38 /* RestaurantDetailContract.swift */; };
		ED450250205C3485001D4A38 /* RestaurantDetailViewController.swift in Sources */ = {isa = PBXBuildFile; fileRef = ED45024F205C3485001D4A38 /* RestaurantDetailViewController.swift */; };
		ED450252205C349B001D4A38 /* RestaurantDetailModel.swift in Sources */ = {isa = PBXBuildFile; fileRef = ED450251205C349B001D4A38 /* RestaurantDetailModel.swift */; };
		ED450254205C34B9001D4A38 /* RestaurantDetailPresenter.swift in Sources */ = {isa = PBXBuildFile; fileRef = ED450253205C34B9001D4A38 /* RestaurantDetailPresenter.swift */; };
		ED4FE7572047111100435A2C /* RestaurantListPresenter.swift in Sources */ = {isa = PBXBuildFile; fileRef = ED4FE7562047111100435A2C /* RestaurantListPresenter.swift */; };
		ED4FE7592047122F00435A2C /* RestaurantListContract.swift in Sources */ = {isa = PBXBuildFile; fileRef = ED4FE7582047122F00435A2C /* RestaurantListContract.swift */; };
		ED56EB98206D384D00DBA3F2 /* AlamofireExtension.swift in Sources */ = {isa = PBXBuildFile; fileRef = ED56EB97206D384D00DBA3F2 /* AlamofireExtension.swift */; };
		ED5B5F9F1FDA377300E8B198 /* NavigationControllerExtension.swift in Sources */ = {isa = PBXBuildFile; fileRef = ED5B5F9E1FDA377300E8B198 /* NavigationControllerExtension.swift */; };
		ED5B5FA11FDA39E400E8B198 /* EdgeInsetLabelExtension.swift in Sources */ = {isa = PBXBuildFile; fileRef = ED5B5FA01FDA39E400E8B198 /* EdgeInsetLabelExtension.swift */; };
		ED5B5FB11FDD5DC700E8B198 /* FilterConfigs.swift in Sources */ = {isa = PBXBuildFile; fileRef = ED5B5FB01FDD5DC700E8B198 /* FilterConfigs.swift */; };
		ED5CBB6D205EA5B5009D5DF2 /* PanoramaViewController.swift in Sources */ = {isa = PBXBuildFile; fileRef = ED5CBB6C205EA5B5009D5DF2 /* PanoramaViewController.swift */; };
		ED5CBB6F205EA645009D5DF2 /* PanoramaPresenter.swift in Sources */ = {isa = PBXBuildFile; fileRef = ED5CBB6E205EA645009D5DF2 /* PanoramaPresenter.swift */; };
		ED5CBB71205EA657009D5DF2 /* PanoramaContract.swift in Sources */ = {isa = PBXBuildFile; fileRef = ED5CBB70205EA657009D5DF2 /* PanoramaContract.swift */; };
		ED5CBB73205EA6DB009D5DF2 /* PanoramaModel.swift in Sources */ = {isa = PBXBuildFile; fileRef = ED5CBB72205EA6DB009D5DF2 /* PanoramaModel.swift */; };
		ED6A9D9F1FFD1C11003F3E15 /* YelpUtil.swift in Sources */ = {isa = PBXBuildFile; fileRef = ED6A9D9E1FFD1C11003F3E15 /* YelpUtil.swift */; };
		ED6A9DA42020C181003F3E15 /* YelpReviewInfo.swift in Sources */ = {isa = PBXBuildFile; fileRef = ED6A9DA32020C181003F3E15 /* YelpReviewInfo.swift */; };
		ED6A9DA62020C29C003F3E15 /* YelpReviewDetailInfo.swift in Sources */ = {isa = PBXBuildFile; fileRef = ED6A9DA52020C29C003F3E15 /* YelpReviewDetailInfo.swift */; };
		ED6A9DA82020C380003F3E15 /* YelpReviewerInfo.swift in Sources */ = {isa = PBXBuildFile; fileRef = ED6A9DA72020C380003F3E15 /* YelpReviewerInfo.swift */; };
		ED6A9DC7202DF88F003F3E15 /* ReviewSummaryItemTableViewCell.swift in Sources */ = {isa = PBXBuildFile; fileRef = ED6A9DC6202DF88F003F3E15 /* ReviewSummaryItemTableViewCell.swift */; };
		ED7337CD2048566700356AE6 /* BaseUIViewController.swift in Sources */ = {isa = PBXBuildFile; fileRef = ED7337CC2048566700356AE6 /* BaseUIViewController.swift */; };
		ED7337CF204857E400356AE6 /* RestaurantListModel.swift in Sources */ = {isa = PBXBuildFile; fileRef = ED7337CE204857E400356AE6 /* RestaurantListModel.swift */; };
		ED7337D1204ADF1400356AE6 /* RestaurantListViewController.swift in Sources */ = {isa = PBXBuildFile; fileRef = ED7337D0204ADF1400356AE6 /* RestaurantListViewController.swift */; };
		ED7607AB2036C0CC00BF12DB /* OpenHourRowView.swift in Sources */ = {isa = PBXBuildFile; fileRef = ED7607AA2036C0CC00BF12DB /* OpenHourRowView.swift */; };
		ED7607AD2036C32600BF12DB /* OpenHourRowView.xib in Resources */ = {isa = PBXBuildFile; fileRef = ED7607AC2036C32600BF12DB /* OpenHourRowView.xib */; };
		ED85A01B209E05ED0040A3CA /* UISearchControllerExtension.swift in Sources */ = {isa = PBXBuildFile; fileRef = ED85A01A209E05ED0040A3CA /* UISearchControllerExtension.swift */; };
		EDA28C671FD5262100DD2902 /* FloatyViewController.swift in Sources */ = {isa = PBXBuildFile; fileRef = EDA28C601FD5262100DD2902 /* FloatyViewController.swift */; };
		EDA28C681FD5262100DD2902 /* FloatyWindow.swift in Sources */ = {isa = PBXBuildFile; fileRef = EDA28C611FD5262100DD2902 /* FloatyWindow.swift */; };
		EDA28C691FD5262100DD2902 /* FloatyManager.swift in Sources */ = {isa = PBXBuildFile; fileRef = EDA28C621FD5262100DD2902 /* FloatyManager.swift */; };
		EDA28C6A1FD5262100DD2902 /* Floaty.swift in Sources */ = {isa = PBXBuildFile; fileRef = EDA28C631FD5262100DD2902 /* Floaty.swift */; };
		EDA28C6B1FD5262100DD2902 /* FloatyDelegate.swift in Sources */ = {isa = PBXBuildFile; fileRef = EDA28C641FD5262100DD2902 /* FloatyDelegate.swift */; };
		EDA28C6C1FD5262100DD2902 /* FloatyItem.swift in Sources */ = {isa = PBXBuildFile; fileRef = EDA28C651FD5262100DD2902 /* FloatyItem.swift */; };
		EDA28C6F1FD57D0000DD2902 /* LocationManager.swift in Sources */ = {isa = PBXBuildFile; fileRef = EDA28C6E1FD57D0000DD2902 /* LocationManager.swift */; };
		EDA28C751FD6780B00DD2902 /* GoogleApiUtil.swift in Sources */ = {isa = PBXBuildFile; fileRef = EDA28C741FD6780B00DD2902 /* GoogleApiUtil.swift */; };
		EDAA225C2071466400D56AC9 /* RestaurantDetailPhotoCollectionViewCell.swift in Sources */ = {isa = PBXBuildFile; fileRef = EDAA225A2071466400D56AC9 /* RestaurantDetailPhotoCollectionViewCell.swift */; };
		EDAA225D2071466400D56AC9 /* RestaurantDetailPhotoCollectionViewCell.xib in Resources */ = {isa = PBXBuildFile; fileRef = EDAA225B2071466400D56AC9 /* RestaurantDetailPhotoCollectionViewCell.xib */; };
		EDB664E81FE921D600F728C2 /* FilterConfigsExtension.swift in Sources */ = {isa = PBXBuildFile; fileRef = EDB664E71FE921D600F728C2 /* FilterConfigsExtension.swift */; };
		EDC55E061FE92BE100B23097 /* GoogleService-Info.plist in Resources */ = {isa = PBXBuildFile; fileRef = EDC55E051FE92BE100B23097 /* GoogleService-Info.plist */; };
		EDC55E0D1FEA3E2200B23097 /* ServiceAccount.json in Resources */ = {isa = PBXBuildFile; fileRef = EDC55E0C1FEA3E2200B23097 /* ServiceAccount.json */; };
		EDCCEE491FD1E8910072883A /* YelpApiUtil.swift in Sources */ = {isa = PBXBuildFile; fileRef = EDCCEE481FD1E8910072883A /* YelpApiUtil.swift */; };
		EDCCEE4B1FD1ED200072883A /* YelpApiCallbackProtocol.swift in Sources */ = {isa = PBXBuildFile; fileRef = EDCCEE4A1FD1ED200072883A /* YelpApiCallbackProtocol.swift */; };
		EDCCEE521FD202230072883A /* Util.swift in Sources */ = {isa = PBXBuildFile; fileRef = EDCCEE511FD202230072883A /* Util.swift */; };
		EDCCEE541FD20C3B0072883A /* YelpRestaurantHoursInfo.swift in Sources */ = {isa = PBXBuildFile; fileRef = EDCCEE531FD20C3B0072883A /* YelpRestaurantHoursInfo.swift */; };
		EDCCEE561FD20C7D0072883A /* YelpResaruantBusinessTime.swift in Sources */ = {isa = PBXBuildFile; fileRef = EDCCEE551FD20C7D0072883A /* YelpResaruantBusinessTime.swift */; };
		EDCF6EA21FF224C800868473 /* InfoPlist.strings in Resources */ = {isa = PBXBuildFile; fileRef = EDCF6EA41FF224C800868473 /* InfoPlist.strings */; };
		EDEF24961FFBD12500FC51A8 /* Localizable.strings in Resources */ = {isa = PBXBuildFile; fileRef = EDEF24981FFBD12500FC51A8 /* Localizable.strings */; };
		EDF31EA4205E3AFE00245D81 /* RestaurantFilterContract.swift in Sources */ = {isa = PBXBuildFile; fileRef = EDF31EA3205E3AFE00245D81 /* RestaurantFilterContract.swift */; };
		EDF31EA6205E3B7200245D81 /* RestaurantFilterViewController.swift in Sources */ = {isa = PBXBuildFile; fileRef = EDF31EA5205E3B7200245D81 /* RestaurantFilterViewController.swift */; };
		EDF31EA8205E3CCD00245D81 /* RestaurantFilterPresenter.swift in Sources */ = {isa = PBXBuildFile; fileRef = EDF31EA7205E3CCD00245D81 /* RestaurantFilterPresenter.swift */; };
		EDF31EAA205E3D2900245D81 /* RestaurantFilterModel.swift in Sources */ = {isa = PBXBuildFile; fileRef = EDF31EA9205E3D2900245D81 /* RestaurantFilterModel.swift */; };
/* End PBXBuildFile section */

/* Begin PBXFileReference section */
		2435F04E3F6CA4002227B204 /* Pods-Restaurant-Demo.release.xcconfig */ = {isa = PBXFileReference; includeInIndex = 1; lastKnownFileType = text.xcconfig; name = "Pods-Restaurant-Demo.release.xcconfig"; path = "Pods/Target Support Files/Pods-Restaurant-Demo/Pods-Restaurant-Demo.release.xcconfig"; sourceTree = "<group>"; };
		56FA223AC361E25967D09776 /* Pods_Restaurant_Demo.framework */ = {isa = PBXFileReference; explicitFileType = wrapper.framework; includeInIndex = 0; path = Pods_Restaurant_Demo.framework; sourceTree = BUILT_PRODUCTS_DIR; };
		C98A83A8860B1730E915B2DF /* Pods-Restaurant-Demo.debug.xcconfig */ = {isa = PBXFileReference; includeInIndex = 1; lastKnownFileType = text.xcconfig; name = "Pods-Restaurant-Demo.debug.xcconfig"; path = "Pods/Target Support Files/Pods-Restaurant-Demo/Pods-Restaurant-Demo.debug.xcconfig"; sourceTree = "<group>"; };
		ED0759BF206A8325008A02D7 /* GoogleMaps.framework */ = {isa = PBXFileReference; lastKnownFileType = wrapper.framework; path = GoogleMaps.framework; sourceTree = "<group>"; };
		ED0759C1206A8368008A02D7 /* GoogleMaps.bundle */ = {isa = PBXFileReference; lastKnownFileType = "wrapper.plug-in"; name = GoogleMaps.bundle; path = GoogleMaps.framework/Versions/A/Resources/GoogleMaps.bundle; sourceTree = "<group>"; };
		ED332D5B1FC8759C00279333 /* Restaurant-Demo.app */ = {isa = PBXFileReference; explicitFileType = wrapper.application; includeInIndex = 0; path = "Restaurant-Demo.app"; sourceTree = BUILT_PRODUCTS_DIR; };
		ED332D5E1FC8759C00279333 /* AppDelegate.swift */ = {isa = PBXFileReference; lastKnownFileType = sourcecode.swift; path = AppDelegate.swift; sourceTree = "<group>"; };
		ED332D631FC8759C00279333 /* Base */ = {isa = PBXFileReference; lastKnownFileType = file.storyboard; name = Base; path = Base.lproj/Main.storyboard; sourceTree = "<group>"; };
		ED332D651FC8759C00279333 /* Assets.xcassets */ = {isa = PBXFileReference; lastKnownFileType = folder.assetcatalog; path = Assets.xcassets; sourceTree = "<group>"; };
		ED332D681FC8759C00279333 /* Base */ = {isa = PBXFileReference; lastKnownFileType = file.storyboard; name = Base; path = Base.lproj/LaunchScreen.storyboard; sourceTree = "<group>"; };
		ED332D6A1FC8759C00279333 /* Info.plist */ = {isa = PBXFileReference; lastKnownFileType = text.plist.xml; path = Info.plist; sourceTree = "<group>"; };
		ED332D781FCA2EBA00279333 /* YelpApiConfigs.swift */ = {isa = PBXFileReference; lastKnownFileType = sourcecode.swift; path = YelpApiConfigs.swift; sourceTree = "<group>"; };
		ED332D7B1FCA487700279333 /* YelpSearchInfo.swift */ = {isa = PBXFileReference; lastKnownFileType = sourcecode.swift; path = YelpSearchInfo.swift; sourceTree = "<group>"; };
		ED332D7D1FCA4C4B00279333 /* YelpAuthenticationInfo.swift */ = {isa = PBXFileReference; lastKnownFileType = sourcecode.swift; path = YelpAuthenticationInfo.swift; sourceTree = "<group>"; };
		ED332D7F1FCA52DE00279333 /* YelpRestaruantSummaryInfo.swift */ = {isa = PBXFileReference; lastKnownFileType = sourcecode.swift; path = YelpRestaruantSummaryInfo.swift; sourceTree = "<group>"; };
		ED332D811FCA52F100279333 /* YelpRestaurantLocation.swift */ = {isa = PBXFileReference; lastKnownFileType = sourcecode.swift; path = YelpRestaurantLocation.swift; sourceTree = "<group>"; };
		ED332D831FCA530500279333 /* YelpRestaurantCoordinates.swift */ = {isa = PBXFileReference; lastKnownFileType = sourcecode.swift; path = YelpRestaurantCoordinates.swift; sourceTree = "<group>"; };
		ED3559CA1FCBACAE00935DFF /* RestaurantInfoTableViewCell.swift */ = {isa = PBXFileReference; lastKnownFileType = sourcecode.swift; path = RestaurantInfoTableViewCell.swift; sourceTree = "<group>"; };
		ED3559CD1FCBBB9100935DFF /* YelpRestaurantCategory.swift */ = {isa = PBXFileReference; lastKnownFileType = sourcecode.swift; path = YelpRestaurantCategory.swift; sourceTree = "<group>"; };
		ED3559D41FCC50A200935DFF /* EdgeInsetLabel.swift */ = {isa = PBXFileReference; lastKnownFileType = sourcecode.swift; path = EdgeInsetLabel.swift; sourceTree = "<group>"; };
		ED3559D61FCC6A9300935DFF /* YelpRestaurantDetailInfo.swift */ = {isa = PBXFileReference; lastKnownFileType = sourcecode.swift; path = YelpRestaurantDetailInfo.swift; sourceTree = "<group>"; };
		ED3559D81FCF0D0200935DFF /* RatingEnum.swift */ = {isa = PBXFileReference; lastKnownFileType = sourcecode.swift; path = RatingEnum.swift; sourceTree = "<group>"; };
		ED3559DA1FCF0F9000935DFF /* YelpBaseInfo.swift */ = {isa = PBXFileReference; lastKnownFileType = sourcecode.swift; path = YelpBaseInfo.swift; sourceTree = "<group>"; };
		ED3C2E2A2068106600AF3493 /* CommonConstants.swift */ = {isa = PBXFileReference; lastKnownFileType = sourcecode.swift; path = CommonConstants.swift; sourceTree = "<group>"; };
		ED45024D205C30DE001D4A38 /* RestaurantDetailContract.swift */ = {isa = PBXFileReference; lastKnownFileType = sourcecode.swift; path = RestaurantDetailContract.swift; sourceTree = "<group>"; };
		ED45024F205C3485001D4A38 /* RestaurantDetailViewController.swift */ = {isa = PBXFileReference; lastKnownFileType = sourcecode.swift; path = RestaurantDetailViewController.swift; sourceTree = "<group>"; };
		ED450251205C349B001D4A38 /* RestaurantDetailModel.swift */ = {isa = PBXFileReference; lastKnownFileType = sourcecode.swift; path = RestaurantDetailModel.swift; sourceTree = "<group>"; };
		ED450253205C34B9001D4A38 /* RestaurantDetailPresenter.swift */ = {isa = PBXFileReference; lastKnownFileType = sourcecode.swift; path = RestaurantDetailPresenter.swift; sourceTree = "<group>"; };
		ED4FE7562047111100435A2C /* RestaurantListPresenter.swift */ = {isa = PBXFileReference; lastKnownFileType = sourcecode.swift; path = RestaurantListPresenter.swift; sourceTree = "<group>"; };
		ED4FE7582047122F00435A2C /* RestaurantListContract.swift */ = {isa = PBXFileReference; lastKnownFileType = sourcecode.swift; path = RestaurantListContract.swift; sourceTree = "<group>"; };
		ED56EB97206D384D00DBA3F2 /* AlamofireExtension.swift */ = {isa = PBXFileReference; lastKnownFileType = sourcecode.swift; path = AlamofireExtension.swift; sourceTree = "<group>"; };
		ED5B5F9E1FDA377300E8B198 /* NavigationControllerExtension.swift */ = {isa = PBXFileReference; lastKnownFileType = sourcecode.swift; path = NavigationControllerExtension.swift; sourceTree = "<group>"; };
		ED5B5FA01FDA39E400E8B198 /* EdgeInsetLabelExtension.swift */ = {isa = PBXFileReference; lastKnownFileType = sourcecode.swift; path = EdgeInsetLabelExtension.swift; sourceTree = "<group>"; };
		ED5B5FB01FDD5DC700E8B198 /* FilterConfigs.swift */ = {isa = PBXFileReference; lastKnownFileType = sourcecode.swift; path = FilterConfigs.swift; sourceTree = "<group>"; };
		ED5CBB6C205EA5B5009D5DF2 /* PanoramaViewController.swift */ = {isa = PBXFileReference; lastKnownFileType = sourcecode.swift; path = PanoramaViewController.swift; sourceTree = "<group>"; };
		ED5CBB6E205EA645009D5DF2 /* PanoramaPresenter.swift */ = {isa = PBXFileReference; lastKnownFileType = sourcecode.swift; path = PanoramaPresenter.swift; sourceTree = "<group>"; };
		ED5CBB70205EA657009D5DF2 /* PanoramaContract.swift */ = {isa = PBXFileReference; lastKnownFileType = sourcecode.swift; path = PanoramaContract.swift; sourceTree = "<group>"; };
		ED5CBB72205EA6DB009D5DF2 /* PanoramaModel.swift */ = {isa = PBXFileReference; lastKnownFileType = sourcecode.swift; path = PanoramaModel.swift; sourceTree = "<group>"; };
		ED6A9D9E1FFD1C11003F3E15 /* YelpUtil.swift */ = {isa = PBXFileReference; lastKnownFileType = sourcecode.swift; path = YelpUtil.swift; sourceTree = "<group>"; };
		ED6A9DA02005CBAD003F3E15 /* en */ = {isa = PBXFileReference; lastKnownFileType = text.plist.strings; name = en; path = en.lproj/InfoPlist.strings; sourceTree = "<group>"; };
		ED6A9DA32020C181003F3E15 /* YelpReviewInfo.swift */ = {isa = PBXFileReference; lastKnownFileType = sourcecode.swift; path = YelpReviewInfo.swift; sourceTree = "<group>"; };
		ED6A9DA52020C29C003F3E15 /* YelpReviewDetailInfo.swift */ = {isa = PBXFileReference; lastKnownFileType = sourcecode.swift; path = YelpReviewDetailInfo.swift; sourceTree = "<group>"; };
		ED6A9DA72020C380003F3E15 /* YelpReviewerInfo.swift */ = {isa = PBXFileReference; lastKnownFileType = sourcecode.swift; path = YelpReviewerInfo.swift; sourceTree = "<group>"; };
		ED6A9DC6202DF88F003F3E15 /* ReviewSummaryItemTableViewCell.swift */ = {isa = PBXFileReference; lastKnownFileType = sourcecode.swift; path = ReviewSummaryItemTableViewCell.swift; sourceTree = "<group>"; };
		ED7337CC2048566700356AE6 /* BaseUIViewController.swift */ = {isa = PBXFileReference; lastKnownFileType = sourcecode.swift; path = BaseUIViewController.swift; sourceTree = "<group>"; };
		ED7337CE204857E400356AE6 /* RestaurantListModel.swift */ = {isa = PBXFileReference; lastKnownFileType = sourcecode.swift; path = RestaurantListModel.swift; sourceTree = "<group>"; };
		ED7337D0204ADF1400356AE6 /* RestaurantListViewController.swift */ = {isa = PBXFileReference; lastKnownFileType = sourcecode.swift; path = RestaurantListViewController.swift; sourceTree = "<group>"; };
		ED7607AA2036C0CC00BF12DB /* OpenHourRowView.swift */ = {isa = PBXFileReference; lastKnownFileType = sourcecode.swift; path = OpenHourRowView.swift; sourceTree = "<group>"; };
		ED7607AC2036C32600BF12DB /* OpenHourRowView.xib */ = {isa = PBXFileReference; lastKnownFileType = file.xib; path = OpenHourRowView.xib; sourceTree = "<group>"; };
		ED85A01A209E05ED0040A3CA /* UISearchControllerExtension.swift */ = {isa = PBXFileReference; fileEncoding = 4; lastKnownFileType = sourcecode.swift; path = UISearchControllerExtension.swift; sourceTree = "<group>"; };
		EDA28C601FD5262100DD2902 /* FloatyViewController.swift */ = {isa = PBXFileReference; fileEncoding = 4; lastKnownFileType = sourcecode.swift; path = FloatyViewController.swift; sourceTree = "<group>"; };
		EDA28C611FD5262100DD2902 /* FloatyWindow.swift */ = {isa = PBXFileReference; fileEncoding = 4; lastKnownFileType = sourcecode.swift; path = FloatyWindow.swift; sourceTree = "<group>"; };
		EDA28C621FD5262100DD2902 /* FloatyManager.swift */ = {isa = PBXFileReference; fileEncoding = 4; lastKnownFileType = sourcecode.swift; path = FloatyManager.swift; sourceTree = "<group>"; };
		EDA28C631FD5262100DD2902 /* Floaty.swift */ = {isa = PBXFileReference; fileEncoding = 4; lastKnownFileType = sourcecode.swift; path = Floaty.swift; sourceTree = "<group>"; };
		EDA28C641FD5262100DD2902 /* FloatyDelegate.swift */ = {isa = PBXFileReference; fileEncoding = 4; lastKnownFileType = sourcecode.swift; path = FloatyDelegate.swift; sourceTree = "<group>"; };
		EDA28C651FD5262100DD2902 /* FloatyItem.swift */ = {isa = PBXFileReference; fileEncoding = 4; lastKnownFileType = sourcecode.swift; path = FloatyItem.swift; sourceTree = "<group>"; };
		EDA28C661FD5262100DD2902 /* Floaty.h */ = {isa = PBXFileReference; fileEncoding = 4; lastKnownFileType = sourcecode.c.h; path = Floaty.h; sourceTree = "<group>"; };
		EDA28C6E1FD57D0000DD2902 /* LocationManager.swift */ = {isa = PBXFileReference; lastKnownFileType = sourcecode.swift; path = LocationManager.swift; sourceTree = "<group>"; };
		EDA28C741FD6780B00DD2902 /* GoogleApiUtil.swift */ = {isa = PBXFileReference; lastKnownFileType = sourcecode.swift; path = GoogleApiUtil.swift; sourceTree = "<group>"; };
		EDAA225A2071466400D56AC9 /* RestaurantDetailPhotoCollectionViewCell.swift */ = {isa = PBXFileReference; lastKnownFileType = sourcecode.swift; path = RestaurantDetailPhotoCollectionViewCell.swift; sourceTree = "<group>"; };
		EDAA225B2071466400D56AC9 /* RestaurantDetailPhotoCollectionViewCell.xib */ = {isa = PBXFileReference; lastKnownFileType = file.xib; path = RestaurantDetailPhotoCollectionViewCell.xib; sourceTree = "<group>"; };
		EDB664E71FE921D600F728C2 /* FilterConfigsExtension.swift */ = {isa = PBXFileReference; lastKnownFileType = sourcecode.swift; path = FilterConfigsExtension.swift; sourceTree = "<group>"; };
		EDBE827120766E1E00E0026D /* zh-Hant */ = {isa = PBXFileReference; lastKnownFileType = text.plist.strings; name = "zh-Hant"; path = "zh-Hant.lproj/Main.strings"; sourceTree = "<group>"; };
		EDC55E051FE92BE100B23097 /* GoogleService-Info.plist */ = {isa = PBXFileReference; fileEncoding = 4; lastKnownFileType = text.plist.xml; path = "GoogleService-Info.plist"; sourceTree = "<group>"; };
		EDC55E0C1FEA3E2200B23097 /* ServiceAccount.json */ = {isa = PBXFileReference; fileEncoding = 4; lastKnownFileType = text.json; path = ServiceAccount.json; sourceTree = "<group>"; };
		EDCCEE481FD1E8910072883A /* YelpApiUtil.swift */ = {isa = PBXFileReference; lastKnownFileType = sourcecode.swift; path = YelpApiUtil.swift; sourceTree = "<group>"; };
		EDCCEE4A1FD1ED200072883A /* YelpApiCallbackProtocol.swift */ = {isa = PBXFileReference; lastKnownFileType = sourcecode.swift; path = YelpApiCallbackProtocol.swift; sourceTree = "<group>"; };
		EDCCEE511FD202230072883A /* Util.swift */ = {isa = PBXFileReference; lastKnownFileType = sourcecode.swift; path = Util.swift; sourceTree = "<group>"; };
		EDCCEE531FD20C3B0072883A /* YelpRestaurantHoursInfo.swift */ = {isa = PBXFileReference; lastKnownFileType = sourcecode.swift; path = YelpRestaurantHoursInfo.swift; sourceTree = "<group>"; };
		EDCCEE551FD20C7D0072883A /* YelpResaruantBusinessTime.swift */ = {isa = PBXFileReference; lastKnownFileType = sourcecode.swift; path = YelpResaruantBusinessTime.swift; sourceTree = "<group>"; };
		EDCF6EA51FF224E400868473 /* Base */ = {isa = PBXFileReference; lastKnownFileType = text.plist.strings; name = Base; path = Base.lproj/InfoPlist.strings; sourceTree = "<group>"; };
		EDCF6EA61FF22A0100868473 /* zh-Hant */ = {isa = PBXFileReference; lastKnownFileType = text.plist.strings; name = "zh-Hant"; path = "zh-Hant.lproj/InfoPlist.strings"; sourceTree = "<group>"; };
		EDEA24C02034A7AD004F0485 /* en */ = {isa = PBXFileReference; lastKnownFileType = text.plist.strings; name = en; path = en.lproj/Main.strings; sourceTree = "<group>"; };
		EDEF24971FFBD12500FC51A8 /* zh-Hant */ = {isa = PBXFileReference; lastKnownFileType = text.plist.strings; name = "zh-Hant"; path = "zh-Hant.lproj/Localizable.strings"; sourceTree = "<group>"; };
		EDEF24991FFBD13D00FC51A8 /* Base */ = {isa = PBXFileReference; lastKnownFileType = text.plist.strings; name = Base; path = Base.lproj/Localizable.strings; sourceTree = "<group>"; };
		EDF31EA3205E3AFE00245D81 /* RestaurantFilterContract.swift */ = {isa = PBXFileReference; lastKnownFileType = sourcecode.swift; path = RestaurantFilterContract.swift; sourceTree = "<group>"; };
		EDF31EA5205E3B7200245D81 /* RestaurantFilterViewController.swift */ = {isa = PBXFileReference; lastKnownFileType = sourcecode.swift; path = RestaurantFilterViewController.swift; sourceTree = "<group>"; };
		EDF31EA7205E3CCD00245D81 /* RestaurantFilterPresenter.swift */ = {isa = PBXFileReference; lastKnownFileType = sourcecode.swift; path = RestaurantFilterPresenter.swift; sourceTree = "<group>"; };
		EDF31EA9205E3D2900245D81 /* RestaurantFilterModel.swift */ = {isa = PBXFileReference; lastKnownFileType = sourcecode.swift; path = RestaurantFilterModel.swift; sourceTree = "<group>"; };
/* End PBXFileReference section */

/* Begin PBXFrameworksBuildPhase section */
		ED332D581FC8759C00279333 /* Frameworks */ = {
			isa = PBXFrameworksBuildPhase;
			buildActionMask = 2147483647;
			files = (
				ED0759C0206A8325008A02D7 /* GoogleMaps.framework in Frameworks */,
				2E2B89AE12CE8DF43B0DC2CD /* Pods_Restaurant_Demo.framework in Frameworks */,
			);
			runOnlyForDeploymentPostprocessing = 0;
		};
/* End PBXFrameworksBuildPhase section */

/* Begin PBXGroup section */
		04D86E31A2BEACEF5A726FC7 /* Pods */ = {
			isa = PBXGroup;
			children = (
				C98A83A8860B1730E915B2DF /* Pods-Restaurant-Demo.debug.xcconfig */,
				2435F04E3F6CA4002227B204 /* Pods-Restaurant-Demo.release.xcconfig */,
			);
			name = Pods;
			sourceTree = "<group>";
		};
		470E2A394931423AD94D32B8 /* Frameworks */ = {
			isa = PBXGroup;
			children = (
				56FA223AC361E25967D09776 /* Pods_Restaurant_Demo.framework */,
			);
			name = Frameworks;
			sourceTree = "<group>";
		};
		ED0759BE206A8307008A02D7 /* Framework */ = {
			isa = PBXGroup;
			children = (
				ED0759C1206A8368008A02D7 /* GoogleMaps.bundle */,
				ED0759BF206A8325008A02D7 /* GoogleMaps.framework */,
			);
			path = Framework;
			sourceTree = "<group>";
		};
		ED1314471FD38C82000A6FD2 /* Data */ = {
			isa = PBXGroup;
			children = (
				EDB664E61FE921B800F728C2 /* Extension */,
				ED3559CF1FCBBF4E00935DFF /* Yelp */,
				ED3559D81FCF0D0200935DFF /* RatingEnum.swift */,
				ED5B5FB01FDD5DC700E8B198 /* FilterConfigs.swift */,
			);
			path = Data;
			sourceTree = "<group>";
		};
		ED2DB1F82047037F000AC22C /* Flow */ = {
			isa = PBXGroup;
			children = (
				ED7337CC2048566700356AE6 /* BaseUIViewController.swift */,
				ED2DB1F9204703AD000AC22C /* RestaurantList */,
				ED45024720597C06001D4A38 /* RestaurantDetail */,
				EDF31EA2205E3AC000245D81 /* RestaurantFilter */,
				ED5CBB6B205EA4E8009D5DF2 /* Panorama */,
			);
			path = Flow;
			sourceTree = "<group>";
		};
		ED2DB1F9204703AD000AC22C /* RestaurantList */ = {
			isa = PBXGroup;
			children = (
				ED4FE7582047122F00435A2C /* RestaurantListContract.swift */,
				ED7337D0204ADF1400356AE6 /* RestaurantListViewController.swift */,
				ED4FE7562047111100435A2C /* RestaurantListPresenter.swift */,
				ED7337CE204857E400356AE6 /* RestaurantListModel.swift */,
			);
			path = RestaurantList;
			sourceTree = "<group>";
		};
		ED332D521FC8759C00279333 = {
			isa = PBXGroup;
			children = (
				ED332D5D1FC8759C00279333 /* Restaurant-Demo */,
				ED332D5C1FC8759C00279333 /* Products */,
				04D86E31A2BEACEF5A726FC7 /* Pods */,
				470E2A394931423AD94D32B8 /* Frameworks */,
			);
			sourceTree = "<group>";
		};
		ED332D5C1FC8759C00279333 /* Products */ = {
			isa = PBXGroup;
			children = (
				ED332D5B1FC8759C00279333 /* Restaurant-Demo.app */,
			);
			name = Products;
			sourceTree = "<group>";
		};
		ED332D5D1FC8759C00279333 /* Restaurant-Demo */ = {
			isa = PBXGroup;
			children = (
				ED0759BE206A8307008A02D7 /* Framework */,
				EDA28C6D1FD57C3A00DD2902 /* Manager */,
				EDCCEE501FD202080072883A /* Util */,
				ED332D7A1FCA481900279333 /* API */,
				ED332D711FC875F700279333 /* Model */,
				ED6A9DBF202B5B8B003F3E15 /* Delegate */,
				ED332D701FC875CC00279333 /* View */,
				ED2DB1F82047037F000AC22C /* Flow */,
				ED332D5E1FC8759C00279333 /* AppDelegate.swift */,
				ED332D621FC8759C00279333 /* Main.storyboard */,
				ED332D651FC8759C00279333 /* Assets.xcassets */,
				ED332D671FC8759C00279333 /* LaunchScreen.storyboard */,
				EDC55E051FE92BE100B23097 /* GoogleService-Info.plist */,
				EDC55E0C1FEA3E2200B23097 /* ServiceAccount.json */,
				ED332D6A1FC8759C00279333 /* Info.plist */,
				EDEF24981FFBD12500FC51A8 /* Localizable.strings */,
				EDCF6EA41FF224C800868473 /* InfoPlist.strings */,
			);
			path = "Restaurant-Demo";
			sourceTree = "<group>";
		};
		ED332D701FC875CC00279333 /* View */ = {
			isa = PBXGroup;
			children = (
				ED5B5F9D1FDA373600E8B198 /* Extension */,
				ED3559D31FCC508000935DFF /* Component */,
				ED3559D21FCC507800935DFF /* Cell */,
				ED3559CC1FCBACBE00935DFF /* Controller */,
			);
			path = View;
			sourceTree = "<group>";
		};
		ED332D711FC875F700279333 /* Model */ = {
			isa = PBXGroup;
			children = (
				ED1314471FD38C82000A6FD2 /* Data */,
				ED3C2E2A2068106600AF3493 /* CommonConstants.swift */,
			);
			path = Model;
			sourceTree = "<group>";
		};
		ED332D7A1FCA481900279333 /* API */ = {
			isa = PBXGroup;
			children = (
				ED56EB96206D382D00DBA3F2 /* Extension */,
				ED332D781FCA2EBA00279333 /* YelpApiConfigs.swift */,
				EDCCEE481FD1E8910072883A /* YelpApiUtil.swift */,
				EDCCEE4A1FD1ED200072883A /* YelpApiCallbackProtocol.swift */,
				ED6A9D9E1FFD1C11003F3E15 /* YelpUtil.swift */,
			);
			path = API;
			sourceTree = "<group>";
		};
		ED3559CC1FCBACBE00935DFF /* Controller */ = {
			isa = PBXGroup;
			children = (
			);
			path = Controller;
			sourceTree = "<group>";
		};
		ED3559CF1FCBBF4E00935DFF /* Yelp */ = {
			isa = PBXGroup;
			children = (
				ED332D7B1FCA487700279333 /* YelpSearchInfo.swift */,
				ED332D7D1FCA4C4B00279333 /* YelpAuthenticationInfo.swift */,
				ED3559DA1FCF0F9000935DFF /* YelpBaseInfo.swift */,
				ED332D7F1FCA52DE00279333 /* YelpRestaruantSummaryInfo.swift */,
				ED3559D61FCC6A9300935DFF /* YelpRestaurantDetailInfo.swift */,
				ED332D811FCA52F100279333 /* YelpRestaurantLocation.swift */,
				ED332D831FCA530500279333 /* YelpRestaurantCoordinates.swift */,
				ED3559CD1FCBBB9100935DFF /* YelpRestaurantCategory.swift */,
				EDCCEE531FD20C3B0072883A /* YelpRestaurantHoursInfo.swift */,
				EDCCEE551FD20C7D0072883A /* YelpResaruantBusinessTime.swift */,
				ED6A9DA32020C181003F3E15 /* YelpReviewInfo.swift */,
				ED6A9DA52020C29C003F3E15 /* YelpReviewDetailInfo.swift */,
				ED6A9DA72020C380003F3E15 /* YelpReviewerInfo.swift */,
			);
			path = Yelp;
			sourceTree = "<group>";
		};
		ED3559D21FCC507800935DFF /* Cell */ = {
			isa = PBXGroup;
			children = (
				ED3559CA1FCBACAE00935DFF /* RestaurantInfoTableViewCell.swift */,
				ED6A9DC6202DF88F003F3E15 /* ReviewSummaryItemTableViewCell.swift */,
				EDAA225A2071466400D56AC9 /* RestaurantDetailPhotoCollectionViewCell.swift */,
				EDAA225B2071466400D56AC9 /* RestaurantDetailPhotoCollectionViewCell.xib */,
			);
			path = Cell;
			sourceTree = "<group>";
		};
		ED3559D31FCC508000935DFF /* Component */ = {
			isa = PBXGroup;
			children = (
				EDA28C5F1FD525AE00DD2902 /* Floaty */,
				ED3559D41FCC50A200935DFF /* EdgeInsetLabel.swift */,
				ED7607AA2036C0CC00BF12DB /* OpenHourRowView.swift */,
				ED7607AC2036C32600BF12DB /* OpenHourRowView.xib */,
			);
			path = Component;
			sourceTree = "<group>";
		};
		ED45024720597C06001D4A38 /* RestaurantDetail */ = {
			isa = PBXGroup;
			children = (
				ED45024D205C30DE001D4A38 /* RestaurantDetailContract.swift */,
				ED45024F205C3485001D4A38 /* RestaurantDetailViewController.swift */,
				ED450253205C34B9001D4A38 /* RestaurantDetailPresenter.swift */,
				ED450251205C349B001D4A38 /* RestaurantDetailModel.swift */,
			);
			path = RestaurantDetail;
			sourceTree = "<group>";
		};
		ED56EB96206D382D00DBA3F2 /* Extension */ = {
			isa = PBXGroup;
			children = (
				ED56EB97206D384D00DBA3F2 /* AlamofireExtension.swift */,
			);
			path = Extension;
			sourceTree = "<group>";
		};
		ED5B5F9D1FDA373600E8B198 /* Extension */ = {
			isa = PBXGroup;
			children = (
				ED85A01A209E05ED0040A3CA /* UISearchControllerExtension.swift */,
				ED5B5F9E1FDA377300E8B198 /* NavigationControllerExtension.swift */,
				ED5B5FA01FDA39E400E8B198 /* EdgeInsetLabelExtension.swift */,
			);
			path = Extension;
			sourceTree = "<group>";
		};
		ED5CBB6B205EA4E8009D5DF2 /* Panorama */ = {
			isa = PBXGroup;
			children = (
				ED5CBB70205EA657009D5DF2 /* PanoramaContract.swift */,
				ED5CBB6C205EA5B5009D5DF2 /* PanoramaViewController.swift */,
				ED5CBB6E205EA645009D5DF2 /* PanoramaPresenter.swift */,
				ED5CBB72205EA6DB009D5DF2 /* PanoramaModel.swift */,
			);
			path = Panorama;
			sourceTree = "<group>";
		};
		ED6A9DBF202B5B8B003F3E15 /* Delegate */ = {
			isa = PBXGroup;
			children = (
			);
			path = Delegate;
			sourceTree = "<group>";
		};
		EDA28C5F1FD525AE00DD2902 /* Floaty */ = {
			isa = PBXGroup;
			children = (
				EDA28C661FD5262100DD2902 /* Floaty.h */,
				EDA28C631FD5262100DD2902 /* Floaty.swift */,
				EDA28C641FD5262100DD2902 /* FloatyDelegate.swift */,
				EDA28C651FD5262100DD2902 /* FloatyItem.swift */,
				EDA28C621FD5262100DD2902 /* FloatyManager.swift */,
				EDA28C601FD5262100DD2902 /* FloatyViewController.swift */,
				EDA28C611FD5262100DD2902 /* FloatyWindow.swift */,
			);
			path = Floaty;
			sourceTree = "<group>";
		};
		EDA28C6D1FD57C3A00DD2902 /* Manager */ = {
			isa = PBXGroup;
			children = (
				EDA28C6E1FD57D0000DD2902 /* LocationManager.swift */,
			);
			path = Manager;
			sourceTree = "<group>";
		};
		EDB664E61FE921B800F728C2 /* Extension */ = {
			isa = PBXGroup;
			children = (
				EDB664E71FE921D600F728C2 /* FilterConfigsExtension.swift */,
			);
			path = Extension;
			sourceTree = "<group>";
		};
		EDCCEE501FD202080072883A /* Util */ = {
			isa = PBXGroup;
			children = (
				EDCCEE511FD202230072883A /* Util.swift */,
				EDA28C741FD6780B00DD2902 /* GoogleApiUtil.swift */,
			);
			path = Util;
			sourceTree = "<group>";
		};
		EDF31EA2205E3AC000245D81 /* RestaurantFilter */ = {
			isa = PBXGroup;
			children = (
				EDF31EA3205E3AFE00245D81 /* RestaurantFilterContract.swift */,
				EDF31EA5205E3B7200245D81 /* RestaurantFilterViewController.swift */,
				EDF31EA7205E3CCD00245D81 /* RestaurantFilterPresenter.swift */,
				EDF31EA9205E3D2900245D81 /* RestaurantFilterModel.swift */,
			);
			path = RestaurantFilter;
			sourceTree = "<group>";
		};
/* End PBXGroup section */

/* Begin PBXNativeTarget section */
		ED332D5A1FC8759C00279333 /* Restaurant-Demo */ = {
			isa = PBXNativeTarget;
			buildConfigurationList = ED332D6D1FC8759C00279333 /* Build configuration list for PBXNativeTarget "Restaurant-Demo" */;
			buildPhases = (
				456ADFAB717F3A0F22472627 /* [CP] Check Pods Manifest.lock */,
				ED332D571FC8759C00279333 /* Sources */,
				ED332D581FC8759C00279333 /* Frameworks */,
				ED332D591FC8759C00279333 /* Resources */,
				D8321EECCA270CB2C2DA8A21 /* [CP] Embed Pods Frameworks */,
				FA6C838DBFDD085C623B6E4B /* [CP] Copy Pods Resources */,
				EDC55E071FE9CFEA00B23097 /* ShellScript */,
				EDC55E0B1FEA0C7300B23097 /* ShellScript */,
			);
			buildRules = (
			);
			dependencies = (
			);
			name = "Restaurant-Demo";
			productName = "Restaurant-Demo";
			productReference = ED332D5B1FC8759C00279333 /* Restaurant-Demo.app */;
			productType = "com.apple.product-type.application";
		};
/* End PBXNativeTarget section */

/* Begin PBXProject section */
		ED332D531FC8759C00279333 /* Project object */ = {
			isa = PBXProject;
			attributes = {
				LastSwiftUpdateCheck = 0910;
				LastUpgradeCheck = 0910;
				ORGANIZATIONNAME = yomi;
				TargetAttributes = {
					ED332D5A1FC8759C00279333 = {
						CreatedOnToolsVersion = 9.1;
						ProvisioningStyle = Automatic;
						SystemCapabilities = {
							com.apple.BackgroundModes = {
								enabled = 1;
							};
						};
					};
				};
			};
			buildConfigurationList = ED332D561FC8759C00279333 /* Build configuration list for PBXProject "Restaurant-Demo" */;
			compatibilityVersion = "Xcode 8.0";
			developmentRegion = en;
			hasScannedForEncodings = 0;
			knownRegions = (
				en,
				Base,
				"zh-Hant",
			);
			mainGroup = ED332D521FC8759C00279333;
			productRefGroup = ED332D5C1FC8759C00279333 /* Products */;
			projectDirPath = "";
			projectRoot = "";
			targets = (
				ED332D5A1FC8759C00279333 /* Restaurant-Demo */,
			);
		};
/* End PBXProject section */

/* Begin PBXResourcesBuildPhase section */
		ED332D591FC8759C00279333 /* Resources */ = {
			isa = PBXResourcesBuildPhase;
			buildActionMask = 2147483647;
			files = (
				ED0759C2206A8368008A02D7 /* GoogleMaps.bundle in Resources */,
				ED332D691FC8759C00279333 /* LaunchScreen.storyboard in Resources */,
				EDCF6EA21FF224C800868473 /* InfoPlist.strings in Resources */,
				EDC55E061FE92BE100B23097 /* GoogleService-Info.plist in Resources */,
				EDEF24961FFBD12500FC51A8 /* Localizable.strings in Resources */,
				ED332D661FC8759C00279333 /* Assets.xcassets in Resources */,
				ED332D641FC8759C00279333 /* Main.storyboard in Resources */,
				EDAA225D2071466400D56AC9 /* RestaurantDetailPhotoCollectionViewCell.xib in Resources */,
				EDC55E0D1FEA3E2200B23097 /* ServiceAccount.json in Resources */,
				ED7607AD2036C32600BF12DB /* OpenHourRowView.xib in Resources */,
			);
			runOnlyForDeploymentPostprocessing = 0;
		};
/* End PBXResourcesBuildPhase section */

/* Begin PBXShellScriptBuildPhase section */
		456ADFAB717F3A0F22472627 /* [CP] Check Pods Manifest.lock */ = {
			isa = PBXShellScriptBuildPhase;
			buildActionMask = 2147483647;
			files = (
			);
			inputPaths = (
				"${PODS_PODFILE_DIR_PATH}/Podfile.lock",
				"${PODS_ROOT}/Manifest.lock",
			);
			name = "[CP] Check Pods Manifest.lock";
			outputPaths = (
				"$(DERIVED_FILE_DIR)/Pods-Restaurant-Demo-checkManifestLockResult.txt",
			);
			runOnlyForDeploymentPostprocessing = 0;
			shellPath = /bin/sh;
			shellScript = "diff \"${PODS_PODFILE_DIR_PATH}/Podfile.lock\" \"${PODS_ROOT}/Manifest.lock\" > /dev/null\nif [ $? != 0 ] ; then\n    # print error to STDERR\n    echo \"error: The sandbox is not in sync with the Podfile.lock. Run 'pod install' or update your CocoaPods installation.\" >&2\n    exit 1\nfi\n# This output is used by Xcode 'outputs' to avoid re-running this script phase.\necho \"SUCCESS\" > \"${SCRIPT_OUTPUT_FILE_0}\"\n";
			showEnvVarsInLog = 0;
		};
		D8321EECCA270CB2C2DA8A21 /* [CP] Embed Pods Frameworks */ = {
			isa = PBXShellScriptBuildPhase;
			buildActionMask = 2147483647;
			files = (
			);
			inputPaths = (
				"${SRCROOT}/Pods/Target Support Files/Pods-Restaurant-Demo/Pods-Restaurant-Demo-frameworks.sh",
				"${BUILT_PRODUCTS_DIR}/Alamofire/Alamofire.framework",
				"${BUILT_PRODUCTS_DIR}/GoogleToolboxForMac/GoogleToolboxForMac.framework",
				"${BUILT_PRODUCTS_DIR}/Kingfisher/Kingfisher.framework",
				"${BUILT_PRODUCTS_DIR}/Protobuf/Protobuf.framework",
				"${BUILT_PRODUCTS_DIR}/RIGImageGallery/RIGImageGallery.framework",
				"${BUILT_PRODUCTS_DIR}/TagListView/TagListView.framework",
				"${BUILT_PRODUCTS_DIR}/nanopb/nanopb.framework",
			);
			name = "[CP] Embed Pods Frameworks";
			outputPaths = (
				"${TARGET_BUILD_DIR}/${FRAMEWORKS_FOLDER_PATH}/Alamofire.framework",
				"${TARGET_BUILD_DIR}/${FRAMEWORKS_FOLDER_PATH}/GoogleToolboxForMac.framework",
				"${TARGET_BUILD_DIR}/${FRAMEWORKS_FOLDER_PATH}/Kingfisher.framework",
				"${TARGET_BUILD_DIR}/${FRAMEWORKS_FOLDER_PATH}/Protobuf.framework",
				"${TARGET_BUILD_DIR}/${FRAMEWORKS_FOLDER_PATH}/RIGImageGallery.framework",
				"${TARGET_BUILD_DIR}/${FRAMEWORKS_FOLDER_PATH}/TagListView.framework",
				"${TARGET_BUILD_DIR}/${FRAMEWORKS_FOLDER_PATH}/nanopb.framework",
			);
			runOnlyForDeploymentPostprocessing = 0;
			shellPath = /bin/sh;
			shellScript = "\"${SRCROOT}/Pods/Target Support Files/Pods-Restaurant-Demo/Pods-Restaurant-Demo-frameworks.sh\"\n";
			showEnvVarsInLog = 0;
		};
		EDC55E071FE9CFEA00B23097 /* ShellScript */ = {
			isa = PBXShellScriptBuildPhase;
			buildActionMask = 8;
			files = (
			);
			inputPaths = (
			);
			outputPaths = (
			);
			runOnlyForDeploymentPostprocessing = 1;
			shellPath = /bin/sh;
			shellScript = "\"${PODS_ROOT}/Fabric/run\" 9f46a54bfc4906fb913c2da3dbcab6fc91d1b079  7858508ac0fb219b7df99f6226d27930545c5e4d9642d80aa1a4df6d226dfc97";
		};
		EDC55E0B1FEA0C7300B23097 /* ShellScript */ = {
			isa = PBXShellScriptBuildPhase;
			buildActionMask = 8;
			files = (
			);
			inputPaths = (
			);
			outputPaths = (
			);
			runOnlyForDeploymentPostprocessing = 1;
			shellPath = /bin/sh;
			shellScript = "# Replace this with the GOOGLE_APP_ID from your GoogleService-Info.plist file\nGOOGLE_APP_ID=1:35224406241:ios:ab9ccffc1e877f97\n\n# Replace the /Path/To/ServiceAccount.json with the path to the key you just downloaded\n\"${PODS_ROOT}\"/FirebaseCrash/upload-sym \"Restaurant-Demo/ServiceAccount.json\"";
		};
		FA6C838DBFDD085C623B6E4B /* [CP] Copy Pods Resources */ = {
			isa = PBXShellScriptBuildPhase;
			buildActionMask = 12;
			files = (
			);
			inputPaths = (
				"${SRCROOT}/Pods/Target Support Files/Pods-Restaurant-Demo/Pods-Restaurant-Demo-resources.sh",
				"${PODS_ROOT}/GoogleMaps/Maps/Frameworks/GoogleMaps.framework/Resources/GoogleMaps.bundle",
				"${PODS_ROOT}/GooglePlacePicker/Frameworks/GooglePlacePicker.framework/Resources/GooglePlacePicker.bundle",
				"${PODS_ROOT}/GooglePlaces/Frameworks/GooglePlaces.framework/Resources/GooglePlaces.bundle",
			);
			name = "[CP] Copy Pods Resources";
			outputPaths = (
				"${TARGET_BUILD_DIR}/${UNLOCALIZED_RESOURCES_FOLDER_PATH}",
			);
			runOnlyForDeploymentPostprocessing = 0;
			shellPath = /bin/sh;
			shellScript = "\"${SRCROOT}/Pods/Target Support Files/Pods-Restaurant-Demo/Pods-Restaurant-Demo-resources.sh\"\n";
			showEnvVarsInLog = 0;
		};
/* End PBXShellScriptBuildPhase section */

/* Begin PBXSourcesBuildPhase section */
		ED332D571FC8759C00279333 /* Sources */ = {
			isa = PBXSourcesBuildPhase;
			buildActionMask = 2147483647;
			files = (
				EDA28C691FD5262100DD2902 /* FloatyManager.swift in Sources */,
				ED5B5F9F1FDA377300E8B198 /* NavigationControllerExtension.swift in Sources */,
				EDCCEE521FD202230072883A /* Util.swift in Sources */,
				ED6A9DA62020C29C003F3E15 /* YelpReviewDetailInfo.swift in Sources */,
				ED3C2E2B2068106600AF3493 /* CommonConstants.swift in Sources */,
				ED6A9D9F1FFD1C11003F3E15 /* YelpUtil.swift in Sources */,
				EDA28C681FD5262100DD2902 /* FloatyWindow.swift in Sources */,
				ED332D7C1FCA487700279333 /* YelpSearchInfo.swift in Sources */,
				ED332D5F1FC8759C00279333 /* AppDelegate.swift in Sources */,
				ED3559D51FCC50A200935DFF /* EdgeInsetLabel.swift in Sources */,
				EDCCEE561FD20C7D0072883A /* YelpResaruantBusinessTime.swift in Sources */,
				EDA28C6C1FD5262100DD2902 /* FloatyItem.swift in Sources */,
				ED4FE7592047122F00435A2C /* RestaurantListContract.swift in Sources */,
				ED332D7E1FCA4C4B00279333 /* YelpAuthenticationInfo.swift in Sources */,
				ED45024E205C30DE001D4A38 /* RestaurantDetailContract.swift in Sources */,
				ED5B5FB11FDD5DC700E8B198 /* FilterConfigs.swift in Sources */,
				ED56EB98206D384D00DBA3F2 /* AlamofireExtension.swift in Sources */,
				EDCCEE4B1FD1ED200072883A /* YelpApiCallbackProtocol.swift in Sources */,
				EDA28C6A1FD5262100DD2902 /* Floaty.swift in Sources */,
				EDF31EA8205E3CCD00245D81 /* RestaurantFilterPresenter.swift in Sources */,
				ED7337D1204ADF1400356AE6 /* RestaurantListViewController.swift in Sources */,
				ED6A9DA82020C380003F3E15 /* YelpReviewerInfo.swift in Sources */,
				ED5CBB6D205EA5B5009D5DF2 /* PanoramaViewController.swift in Sources */,
				ED332D821FCA52F100279333 /* YelpRestaurantLocation.swift in Sources */,
				ED332D841FCA530500279333 /* YelpRestaurantCoordinates.swift in Sources */,
				ED7607AB2036C0CC00BF12DB /* OpenHourRowView.swift in Sources */,
				EDF31EA4205E3AFE00245D81 /* RestaurantFilterContract.swift in Sources */,
				ED5CBB71205EA657009D5DF2 /* PanoramaContract.swift in Sources */,
				ED4FE7572047111100435A2C /* RestaurantListPresenter.swift in Sources */,
				ED450250205C3485001D4A38 /* RestaurantDetailViewController.swift in Sources */,
				ED450252205C349B001D4A38 /* RestaurantDetailModel.swift in Sources */,
				EDA28C751FD6780B00DD2902 /* GoogleApiUtil.swift in Sources */,
				ED6A9DA42020C181003F3E15 /* YelpReviewInfo.swift in Sources */,
				ED332D801FCA52DE00279333 /* YelpRestaruantSummaryInfo.swift in Sources */,
				ED450254205C34B9001D4A38 /* RestaurantDetailPresenter.swift in Sources */,
				ED3559D91FCF0D0200935DFF /* RatingEnum.swift in Sources */,
				EDA28C6B1FD5262100DD2902 /* FloatyDelegate.swift in Sources */,
				EDAA225C2071466400D56AC9 /* RestaurantDetailPhotoCollectionViewCell.swift in Sources */,
				ED5B5FA11FDA39E400E8B198 /* EdgeInsetLabelExtension.swift in Sources */,
				ED3559CB1FCBACAE00935DFF /* RestaurantInfoTableViewCell.swift in Sources */,
				EDF31EA6205E3B7200245D81 /* RestaurantFilterViewController.swift in Sources */,
				EDCCEE541FD20C3B0072883A /* YelpRestaurantHoursInfo.swift in Sources */,
				ED332D791FCA2EBA00279333 /* YelpApiConfigs.swift in Sources */,
				EDCCEE491FD1E8910072883A /* YelpApiUtil.swift in Sources */,
				ED6A9DC7202DF88F003F3E15 /* ReviewSummaryItemTableViewCell.swift in Sources */,
				ED3559DB1FCF0F9000935DFF /* YelpBaseInfo.swift in Sources */,
				EDA28C6F1FD57D0000DD2902 /* LocationManager.swift in Sources */,
				EDB664E81FE921D600F728C2 /* FilterConfigsExtension.swift in Sources */,
				EDF31EAA205E3D2900245D81 /* RestaurantFilterModel.swift in Sources */,
				ED7337CF204857E400356AE6 /* RestaurantListModel.swift in Sources */,
				ED5CBB73205EA6DB009D5DF2 /* PanoramaModel.swift in Sources */,
				ED3559CE1FCBBB9100935DFF /* YelpRestaurantCategory.swift in Sources */,
				ED3559D71FCC6A9300935DFF /* YelpRestaurantDetailInfo.swift in Sources */,
				ED85A01B209E05ED0040A3CA /* UISearchControllerExtension.swift in Sources */,
				ED5CBB6F205EA645009D5DF2 /* PanoramaPresenter.swift in Sources */,
				EDA28C671FD5262100DD2902 /* FloatyViewController.swift in Sources */,
				ED7337CD2048566700356AE6 /* BaseUIViewController.swift in Sources */,
			);
			runOnlyForDeploymentPostprocessing = 0;
		};
/* End PBXSourcesBuildPhase section */

/* Begin PBXVariantGroup section */
		ED332D621FC8759C00279333 /* Main.storyboard */ = {
			isa = PBXVariantGroup;
			children = (
				ED332D631FC8759C00279333 /* Base */,
				EDEA24C02034A7AD004F0485 /* en */,
				EDBE827120766E1E00E0026D /* zh-Hant */,
			);
			name = Main.storyboard;
			sourceTree = "<group>";
		};
		ED332D671FC8759C00279333 /* LaunchScreen.storyboard */ = {
			isa = PBXVariantGroup;
			children = (
				ED332D681FC8759C00279333 /* Base */,
			);
			name = LaunchScreen.storyboard;
			sourceTree = "<group>";
		};
		EDCF6EA41FF224C800868473 /* InfoPlist.strings */ = {
			isa = PBXVariantGroup;
			children = (
				EDCF6EA51FF224E400868473 /* Base */,
				EDCF6EA61FF22A0100868473 /* zh-Hant */,
				ED6A9DA02005CBAD003F3E15 /* en */,
			);
			name = InfoPlist.strings;
			sourceTree = "<group>";
		};
		EDEF24981FFBD12500FC51A8 /* Localizable.strings */ = {
			isa = PBXVariantGroup;
			children = (
				EDEF24971FFBD12500FC51A8 /* zh-Hant */,
				EDEF24991FFBD13D00FC51A8 /* Base */,
			);
			name = Localizable.strings;
			sourceTree = "<group>";
		};
/* End PBXVariantGroup section */

/* Begin XCBuildConfiguration section */
		ED332D6B1FC8759C00279333 /* Debug */ = {
			isa = XCBuildConfiguration;
			buildSettings = {
				ALWAYS_SEARCH_USER_PATHS = NO;
				CLANG_ANALYZER_LOCALIZABILITY_NONLOCALIZED = YES;
				CLANG_ANALYZER_NONNULL = YES;
				CLANG_ANALYZER_NUMBER_OBJECT_CONVERSION = YES_AGGRESSIVE;
				CLANG_CXX_LANGUAGE_STANDARD = "gnu++14";
				CLANG_CXX_LIBRARY = "libc++";
				CLANG_ENABLE_MODULES = YES;
				CLANG_ENABLE_OBJC_ARC = YES;
				CLANG_WARN_BLOCK_CAPTURE_AUTORELEASING = YES;
				CLANG_WARN_BOOL_CONVERSION = YES;
				CLANG_WARN_COMMA = YES;
				CLANG_WARN_CONSTANT_CONVERSION = YES;
				CLANG_WARN_DIRECT_OBJC_ISA_USAGE = YES_ERROR;
				CLANG_WARN_DOCUMENTATION_COMMENTS = YES;
				CLANG_WARN_EMPTY_BODY = YES;
				CLANG_WARN_ENUM_CONVERSION = YES;
				CLANG_WARN_INFINITE_RECURSION = YES;
				CLANG_WARN_INT_CONVERSION = YES;
				CLANG_WARN_NON_LITERAL_NULL_CONVERSION = YES;
				CLANG_WARN_OBJC_LITERAL_CONVERSION = YES;
				CLANG_WARN_OBJC_ROOT_CLASS = YES_ERROR;
				CLANG_WARN_RANGE_LOOP_ANALYSIS = YES;
				CLANG_WARN_STRICT_PROTOTYPES = YES;
				CLANG_WARN_SUSPICIOUS_MOVE = YES;
				CLANG_WARN_UNGUARDED_AVAILABILITY = YES_AGGRESSIVE;
				CLANG_WARN_UNREACHABLE_CODE = YES;
				CLANG_WARN__DUPLICATE_METHOD_MATCH = YES;
				CODE_SIGN_IDENTITY = "iPhone Developer";
				COPY_PHASE_STRIP = NO;
				DEBUG_INFORMATION_FORMAT = dwarf;
				ENABLE_BITCODE = NO;
				ENABLE_STRICT_OBJC_MSGSEND = YES;
				ENABLE_TESTABILITY = YES;
				GCC_C_LANGUAGE_STANDARD = gnu11;
				GCC_DYNAMIC_NO_PIC = NO;
				GCC_NO_COMMON_BLOCKS = YES;
				GCC_OPTIMIZATION_LEVEL = 0;
				GCC_PREPROCESSOR_DEFINITIONS = (
					"DEBUG=1",
					"$(inherited)",
				);
				GCC_WARN_64_TO_32_BIT_CONVERSION = YES;
				GCC_WARN_ABOUT_RETURN_TYPE = YES_ERROR;
				GCC_WARN_UNDECLARED_SELECTOR = YES;
				GCC_WARN_UNINITIALIZED_AUTOS = YES_AGGRESSIVE;
				GCC_WARN_UNUSED_FUNCTION = YES;
				GCC_WARN_UNUSED_VARIABLE = YES;
				IPHONEOS_DEPLOYMENT_TARGET = 11.1;
				MTL_ENABLE_DEBUG_INFO = YES;
				ONLY_ACTIVE_ARCH = YES;
				OTHER_LDFLAGS = "-ObjC";
				SDKROOT = iphoneos;
				SWIFT_ACTIVE_COMPILATION_CONDITIONS = DEBUG;
				SWIFT_OPTIMIZATION_LEVEL = "-Onone";
			};
			name = Debug;
		};
		ED332D6C1FC8759C00279333 /* Release */ = {
			isa = XCBuildConfiguration;
			buildSettings = {
				ALWAYS_SEARCH_USER_PATHS = NO;
				CLANG_ANALYZER_LOCALIZABILITY_NONLOCALIZED = YES;
				CLANG_ANALYZER_NONNULL = YES;
				CLANG_ANALYZER_NUMBER_OBJECT_CONVERSION = YES_AGGRESSIVE;
				CLANG_CXX_LANGUAGE_STANDARD = "gnu++14";
				CLANG_CXX_LIBRARY = "libc++";
				CLANG_ENABLE_MODULES = YES;
				CLANG_ENABLE_OBJC_ARC = YES;
				CLANG_WARN_BLOCK_CAPTURE_AUTORELEASING = YES;
				CLANG_WARN_BOOL_CONVERSION = YES;
				CLANG_WARN_COMMA = YES;
				CLANG_WARN_CONSTANT_CONVERSION = YES;
				CLANG_WARN_DIRECT_OBJC_ISA_USAGE = YES_ERROR;
				CLANG_WARN_DOCUMENTATION_COMMENTS = YES;
				CLANG_WARN_EMPTY_BODY = YES;
				CLANG_WARN_ENUM_CONVERSION = YES;
				CLANG_WARN_INFINITE_RECURSION = YES;
				CLANG_WARN_INT_CONVERSION = YES;
				CLANG_WARN_NON_LITERAL_NULL_CONVERSION = YES;
				CLANG_WARN_OBJC_LITERAL_CONVERSION = YES;
				CLANG_WARN_OBJC_ROOT_CLASS = YES_ERROR;
				CLANG_WARN_RANGE_LOOP_ANALYSIS = YES;
				CLANG_WARN_STRICT_PROTOTYPES = YES;
				CLANG_WARN_SUSPICIOUS_MOVE = YES;
				CLANG_WARN_UNGUARDED_AVAILABILITY = YES_AGGRESSIVE;
				CLANG_WARN_UNREACHABLE_CODE = YES;
				CLANG_WARN__DUPLICATE_METHOD_MATCH = YES;
				CODE_SIGN_IDENTITY = "iPhone Developer";
				COPY_PHASE_STRIP = NO;
				DEBUG_INFORMATION_FORMAT = "dwarf-with-dsym";
				ENABLE_BITCODE = NO;
				ENABLE_NS_ASSERTIONS = NO;
				ENABLE_STRICT_OBJC_MSGSEND = YES;
				GCC_C_LANGUAGE_STANDARD = gnu11;
				GCC_NO_COMMON_BLOCKS = YES;
				GCC_WARN_64_TO_32_BIT_CONVERSION = YES;
				GCC_WARN_ABOUT_RETURN_TYPE = YES_ERROR;
				GCC_WARN_UNDECLARED_SELECTOR = YES;
				GCC_WARN_UNINITIALIZED_AUTOS = YES_AGGRESSIVE;
				GCC_WARN_UNUSED_FUNCTION = YES;
				GCC_WARN_UNUSED_VARIABLE = YES;
				IPHONEOS_DEPLOYMENT_TARGET = 11.1;
				MTL_ENABLE_DEBUG_INFO = NO;
				OTHER_LDFLAGS = "-ObjC";
				SDKROOT = iphoneos;
				SWIFT_OPTIMIZATION_LEVEL = "-Owholemodule";
				VALIDATE_PRODUCT = YES;
			};
			name = Release;
		};
		ED332D6E1FC8759C00279333 /* Debug */ = {
			isa = XCBuildConfiguration;
			baseConfigurationReference = C98A83A8860B1730E915B2DF /* Pods-Restaurant-Demo.debug.xcconfig */;
			buildSettings = {
				ASSETCATALOG_COMPILER_APPICON_NAME = AppIcon;
				"CODE_SIGN_IDENTITY[sdk=iphoneos*]" = "iPhone Developer";
				CODE_SIGN_STYLE = Automatic;
				DEBUG_INFORMATION_FORMAT = "dwarf-with-dsym";
				DEVELOPMENT_TEAM = H2724L9BS5;
				ENABLE_BITCODE = NO;
				FRAMEWORK_SEARCH_PATHS = (
					"$(inherited)",
					"$(PROJECT_DIR)/Restaurant-Demo/Framework",
				);
				INFOPLIST_FILE = "Restaurant-Demo/Info.plist";
				IPHONEOS_DEPLOYMENT_TARGET = 11.0;
				LD_RUNPATH_SEARCH_PATHS = "$(inherited) @executable_path/Frameworks";
				PRODUCT_BUNDLE_IDENTIFIER = "com.yomi.find-restaurant";
				PRODUCT_NAME = "$(TARGET_NAME)";
				PROVISIONING_PROFILE_SPECIFIER = "";
				SWIFT_VERSION = 4.0;
				TARGETED_DEVICE_FAMILY = "1,2";
			};
			name = Debug;
		};
		ED332D6F1FC8759C00279333 /* Release */ = {
			isa = XCBuildConfiguration;
			baseConfigurationReference = 2435F04E3F6CA4002227B204 /* Pods-Restaurant-Demo.release.xcconfig */;
			buildSettings = {
				ASSETCATALOG_COMPILER_APPICON_NAME = AppIcon;
				"CODE_SIGN_IDENTITY[sdk=iphoneos*]" = "iPhone Developer";
				CODE_SIGN_STYLE = Automatic;
				DEVELOPMENT_TEAM = H2724L9BS5;
				ENABLE_BITCODE = NO;
				FRAMEWORK_SEARCH_PATHS = (
					"$(inherited)",
					"$(PROJECT_DIR)/Restaurant-Demo/Framework",
				);
				INFOPLIST_FILE = "Restaurant-Demo/Info.plist";
				IPHONEOS_DEPLOYMENT_TARGET = 11.0;
				LD_RUNPATH_SEARCH_PATHS = "$(inherited) @executable_path/Frameworks";
				PRODUCT_BUNDLE_IDENTIFIER = "com.yomi.find-restaurant";
				PRODUCT_NAME = "$(TARGET_NAME)";
				PROVISIONING_PROFILE_SPECIFIER = "";
				SWIFT_VERSION = 4.0;
				TARGETED_DEVICE_FAMILY = "1,2";
			};
			name = Release;
		};
/* End XCBuildConfiguration section */

/* Begin XCConfigurationList section */
		ED332D561FC8759C00279333 /* Build configuration list for PBXProject "Restaurant-Demo" */ = {
			isa = XCConfigurationList;
			buildConfigurations = (
				ED332D6B1FC8759C00279333 /* Debug */,
				ED332D6C1FC8759C00279333 /* Release */,
			);
			defaultConfigurationIsVisible = 0;
			defaultConfigurationName = Release;
		};
		ED332D6D1FC8759C00279333 /* Build configuration list for PBXNativeTarget "Restaurant-Demo" */ = {
			isa = XCConfigurationList;
			buildConfigurations = (
				ED332D6E1FC8759C00279333 /* Debug */,
				ED332D6F1FC8759C00279333 /* Release */,
			);
			defaultConfigurationIsVisible = 0;
			defaultConfigurationName = Release;
		};
/* End XCConfigurationList section */
	};
	rootObject = ED332D531FC8759C00279333 /* Project object */;
}
